
Microsoft Visual Studio Solution File, Format Version 12.00
# Visual Studio 15
VisualStudioVersion = 15.0.28307.421
MinimumVisualStudioVersion = 10.0.40219.1
Project("{FAE04EC0-301F-11D3-BF4B-00C04F79EFBC}") = "EmployeeManager", "Shop\EmployeeManager.csproj", "{B8FABE54-5AC4-4C83-A540-CE9E015537FF}"
EndProject
Global
	GlobalSection(SolutionConfigurationPlatforms) = preSolution
		Debug|Any CPU = Debug|Any CPU
		Release|Any CPU = Release|Any CPU
	EndGlobalSection
	GlobalSection(ProjectConfigurationPlatforms) = postSolution
		{B8FABE54-5AC4-4C83-A540-CE9E015537FF}.Debug|Any CPU.ActiveCfg = Debug|Any CPU
		{B8FABE54-5AC4-4C83-A540-CE9E015537FF}.Debug|Any CPU.Build.0 = Debug|Any CPU
		{B8FABE54-5AC4-4C83-A540-CE9E015537FF}.Release|Any CPU.ActiveCfg = Release|Any CPU
		{B8FABE54-5AC4-4C83-A540-CE9E015537FF}.Release|Any CPU.Build.0 = Release|Any CPU
	EndGlobalSection
	GlobalSection(SolutionProperties) = preSolution
		HideSolutionNode = FALSE
	EndGlobalSection
	GlobalSection(ExtensibilityGlobals) = postSolution
		SolutionGuid = {C84B9CEF-3460-465D-8018-5F3BA4ECA862}
	EndGlobalSection
EndGlobal
